
Microsoft Visual Studio Solution File, Format Version 12.00
# Visual Studio Version 16
VisualStudioVersion = 16.0.31019.35
MinimumVisualStudioVersion = 10.0.40219.1
Project("{FAE04EC0-301F-11D3-BF4B-00C04F79EFBC}") = "WF_MAGIC", "WF_MAGIC\WF_MAGIC.csproj", "{1159646E-6016-4A76-AC45-81608E33F8C0}"
EndProject
Global
	GlobalSection(SolutionConfigurationPlatforms) = preSolution
		Debug|Any CPU = Debug|Any CPU
		Release|Any CPU = Release|Any CPU
	EndGlobalSection
	GlobalSection(ProjectConfigurationPlatforms) = postSolution
		{1159646E-6016-4A76-AC45-81608E33F8C0}.Debug|Any CPU.ActiveCfg = Debug|Any CPU
		{1159646E-6016-4A76-AC45-81608E33F8C0}.Debug|Any CPU.Build.0 = Debug|Any CPU
		{1159646E-6016-4A76-AC45-81608E33F8C0}.Release|Any CPU.ActiveCfg = Release|Any CPU
		{1159646E-6016-4A76-AC45-81608E33F8C0}.Release|Any CPU.Build.0 = Release|Any CPU
	EndGlobalSection
	GlobalSection(SolutionProperties) = preSolution
		HideSolutionNode = FALSE
	EndGlobalSection
	GlobalSection(ExtensibilityGlobals) = postSolution
		SolutionGuid = {2F59B3E2-BFC2-4B0F-B3FA-932E843E8C4A}
	EndGlobalSection
EndGlobal
